PODS:
  - Highlightr (2.1.0)
  - libcmark_gfm (0.29.2)
  - Maaku/CMark (0.9.1):
    - libcmark_gfm (~> 0.29.2)
  - Maaku/Core (0.9.1):
    - Maaku/CMark
  - Maaku/Plugins (0.9.1):
    - Maaku/Core
  - Nimble (8.0.2)
  - PINCache (3.0.3):
    - PINCache/Arc-exception-safe (= 3.0.3)
    - PINCache/Core (= 3.0.3)
  - PINCache/Arc-exception-safe (3.0.3):
    - PINCache/Core
  - PINCache/Core (3.0.3):
    - PINOperation (~> 1.2.1)
  - PINOperation (1.2.1)
  - PINRemoteImage/Core (3.0.3):
    - PINOperation
  - PINRemoteImage/iOS (3.0.3):
    - PINRemoteImage/Core
  - PINRemoteImage/PINCache (3.0.3):
    - PINCache (~> 3.0.3)
    - PINRemoteImage/Core
  - Quick (2.1.0)
  - SwiftLint (0.33.0)
  - Texture (3.0.0):
    - Texture/AssetsLibrary (= 3.0.0)
    - Texture/Core (= 3.0.0)
    - Texture/MapKit (= 3.0.0)
    - Texture/Photos (= 3.0.0)
    - Texture/PINRemoteImage (= 3.0.0)
    - Texture/Video (= 3.0.0)
  - Texture/AssetsLibrary (3.0.0):
    - Texture/Core
  - Texture/Core (3.0.0)
  - Texture/MapKit (3.0.0):
    - Texture/Core
  - Texture/Photos (3.0.0):
    - Texture/Core
  - Texture/PINRemoteImage (3.0.0):
    - PINRemoteImage/iOS (~> 3.0.0)
    - PINRemoteImage/PINCache
    - Texture/Core
  - Texture/Video (3.0.0):
    - Texture/Core
  - youtube-ios-player-helper (0.1.6)

DEPENDENCIES:
  - Highlightr (from `https://github.com/raspu/Highlightr.git`, branch `master`)
  - Maaku/CMark
  - Maaku/Core
  - Maaku/Plugins
  - Nimble
  - Quick
  - SwiftLint
  - Texture
  - youtube-ios-player-helper

SPEC REPOS:
  https://github.com/CocoaPods/Specs.git:
    - libcmark_gfm
    - Maaku
    - Nimble
    - PINCache
    - PINOperation
    - PINRemoteImage
    - Quick
    - SwiftLint
    - Texture
    - youtube-ios-player-helper

EXTERNAL SOURCES:
  Highlightr:
    :branch: master
    :git: https://github.com/raspu/Highlightr.git

CHECKOUT OPTIONS:
  Highlightr:
    :commit: 87465e7ac116a4c8672fa29aae840e9c9e68bedb
    :git: https://github.com/raspu/Highlightr.git

SPEC CHECKSUMS:
  Highlightr: 683f05d5223cade533a78528a35c9f06e4caddf8
  libcmark_gfm: 0d4925ca4f8c2cc89b65d7ff4ed1162ff413911d
  Maaku: d0d932dc054255d21e11f63fb6be25b4c6a1e6eb
  Nimble: 622629381bda1dd5678162f21f1368cec7cbba60
  PINCache: 7a8fc1a691173d21dbddbf86cd515de6efa55086
  PINOperation: 00c935935f1e8cf0d1e2d6b542e75b88fc3e5e20
  PINRemoteImage: f1295b29f8c5e640e25335a1b2bd9d805171bd01
  Quick: 4be43f6634acfa727dd106bdf3929ce125ffa79d
  SwiftLint: fed9c66336e41fc74dc48a73678380718f0c8b0e
  Texture: 2f109e937850d94d1d07232041c9c7313ccddb81
  youtube-ios-player-helper: 21ab92db027c7ff86cb17a3843a3f6eafc8158d2

PODFILE CHECKSUM: 54f5a5ea334edf840335d75a55d90bc29ea2f5f3

COCOAPODS: 1.10.0
